
Microsoft Visual Studio Solution File, Format Version 12.00
# Visual Studio Version 17
VisualStudioVersion = 17.1.32421.90
MinimumVisualStudioVersion = 10.0.40219.1
Project("{FAE04EC0-301F-11D3-BF4B-00C04F79EFBC}") = "Hospital management system", "Hospital management system\Hospital management system.csproj", "{A19457BE-C494-47A1-9D4C-4E57DADCB837}"
EndProject
Global
	GlobalSection(SolutionConfigurationPlatforms) = preSolution
		Debug|Any CPU = Debug|Any CPU
		Release|Any CPU = Release|Any CPU
	EndGlobalSection
	GlobalSection(ProjectConfigurationPlatforms) = postSolution
		{A19457BE-C494-47A1-9D4C-4E57DADCB837}.Debug|Any CPU.ActiveCfg = Debug|Any CPU
		{A19457BE-C494-47A1-9D4C-4E57DADCB837}.Debug|Any CPU.Build.0 = Debug|Any CPU
		{A19457BE-C494-47A1-9D4C-4E57DADCB837}.Release|Any CPU.ActiveCfg = Release|Any CPU
		{A19457BE-C494-47A1-9D4C-4E57DADCB837}.Release|Any CPU.Build.0 = Release|Any CPU
	EndGlobalSection
	GlobalSection(SolutionProperties) = preSolution
		HideSolutionNode = FALSE
	EndGlobalSection
	GlobalSection(ExtensibilityGlobals) = postSolution
		SolutionGuid = {202950E7-D528-4FB5-9CFF-A9D4AE05CC68}
	EndGlobalSection
EndGlobal
